
Microsoft Visual Studio Solution File, Format Version 12.00
# Visual Studio Version 16
VisualStudioVersion = 16.0.31424.327
MinimumVisualStudioVersion = 10.0.40219.1
Project("{FAE04EC0-301F-11D3-BF4B-00C04F79EFBC}") = "XamWebApiClient.Android", "XamWebApiClient\XamWebApiClient.Android\XamWebApiClient.Android.csproj", "{FDC91EF8-7263-4B54-BC05-7798AD2188C8}"
EndProject
Project("{FAE04EC0-301F-11D3-BF4B-00C04F79EFBC}") = "XamWebApiClient.iOS", "XamWebApiClient\XamWebApiClient.iOS\XamWebApiClient.iOS.csproj", "{523413EA-E48B-4F0A-8F8D-7CD426DD2962}"
EndProject
Project("{FAE04EC0-301F-11D3-BF4B-00C04F79EFBC}") = "XamWebApiClient", "XamWebApiClient\XamWebApiClient\XamWebApiClient.csproj", "{7C4DF2C5-CD44-4A83-ADDE-6565A473796A}"
EndProject
Global
	GlobalSection(SolutionConfigurationPlatforms) = preSolution
		Debug|Any CPU = Debug|Any CPU
		Debug|iPhone = Debug|iPhone
		Debug|iPhoneSimulator = Debug|iPhoneSimulator
		Release|Any CPU = Release|Any CPU
		Release|iPhone = Release|iPhone
		Release|iPhoneSimulator = Release|iPhoneSimulator
	EndGlobalSection
	GlobalSection(ProjectConfigurationPlatforms) = postSolution
		{FDC91EF8-7263-4B54-BC05-7798AD2188C8}.Debug|Any CPU.ActiveCfg = Debug|Any CPU
		{FDC91EF8-7263-4B54-BC05-7798AD2188C8}.Debug|Any CPU.Build.0 = Debug|Any CPU
		{FDC91EF8-7263-4B54-BC05-7798AD2188C8}.Debug|Any CPU.Deploy.0 = Debug|Any CPU
		{FDC91EF8-7263-4B54-BC05-7798AD2188C8}.Debug|iPhone.ActiveCfg = Debug|Any CPU
		{FDC91EF8-7263-4B54-BC05-7798AD2188C8}.Debug|iPhone.Build.0 = Debug|Any CPU
		{FDC91EF8-7263-4B54-BC05-7798AD2188C8}.Debug|iPhone.Deploy.0 = Debug|Any CPU
		{FDC91EF8-7263-4B54-BC05-7798AD2188C8}.Debug|iPhoneSimulator.ActiveCfg = Debug|Any CPU
		{FDC91EF8-7263-4B54-BC05-7798AD2188C8}.Debug|iPhoneSimulator.Build.0 = Debug|Any CPU
		{FDC91EF8-7263-4B54-BC05-7798AD2188C8}.Debug|iPhoneSimulator.Deploy.0 = Debug|Any CPU
		{FDC91EF8-7263-4B54-BC05-7798AD2188C8}.Release|Any CPU.ActiveCfg = Release|Any CPU
		{FDC91EF8-7263-4B54-BC05-7798AD2188C8}.Release|Any CPU.Build.0 = Release|Any CPU
		{FDC91EF8-7263-4B54-BC05-7798AD2188C8}.Release|Any CPU.Deploy.0 = Release|Any CPU
		{FDC91EF8-7263-4B54-BC05-7798AD2188C8}.Release|iPhone.ActiveCfg = Release|Any CPU
		{FDC91EF8-7263-4B54-BC05-7798AD2188C8}.Release|iPhone.Build.0 = Release|Any CPU
		{FDC91EF8-7263-4B54-BC05-7798AD2188C8}.Release|iPhone.Deploy.0 = Release|Any CPU
		{FDC91EF8-7263-4B54-BC05-7798AD2188C8}.Release|iPhoneSimulator.ActiveCfg = Release|Any CPU
		{FDC91EF8-7263-4B54-BC05-7798AD2188C8}.Release|iPhoneSimulator.Build.0 = Release|Any CPU
		{FDC91EF8-7263-4B54-BC05-7798AD2188C8}.Release|iPhoneSimulator.Deploy.0 = Release|Any CPU
		{523413EA-E48B-4F0A-8F8D-7CD426DD2962}.Debug|Any CPU.ActiveCfg = Debug|iPhone
		{523413EA-E48B-4F0A-8F8D-7CD426DD2962}.Debug|Any CPU.Build.0 = Debug|iPhone
		{523413EA-E48B-4F0A-8F8D-7CD426DD2962}.Debug|Any CPU.Deploy.0 = Debug|iPhone
		{523413EA-E48B-4F0A-8F8D-7CD426DD2962}.Debug|iPhone.ActiveCfg = Debug|iPhone
		{523413EA-E48B-4F0A-8F8D-7CD426DD2962}.Debug|iPhone.Build.0 = Debug|iPhone
		{523413EA-E48B-4F0A-8F8D-7CD426DD2962}.Debug|iPhone.Deploy.0 = Debug|iPhone
		{523413EA-E48B-4F0A-8F8D-7CD426DD2962}.Debug|iPhoneSimulator.ActiveCfg = Debug|iPhoneSimulator
		{523413EA-E48B-4F0A-8F8D-7CD426DD2962}.Debug|iPhoneSimulator.Build.0 = Debug|iPhoneSimulator
		{523413EA-E48B-4F0A-8F8D-7CD426DD2962}.Debug|iPhoneSimulator.Deploy.0 = Debug|iPhoneSimulator
		{523413EA-E48B-4F0A-8F8D-7CD426DD2962}.Release|Any CPU.ActiveCfg = Release|iPhoneSimulator
		{523413EA-E48B-4F0A-8F8D-7CD426DD2962}.Release|Any CPU.Build.0 = Release|iPhoneSimulator
		{523413EA-E48B-4F0A-8F8D-7CD426DD2962}.Release|Any CPU.Deploy.0 = Release|iPhoneSimulator
		{523413EA-E48B-4F0A-8F8D-7CD426DD2962}.Release|iPhone.ActiveCfg = Release|iPhone
		{523413EA-E48B-4F0A-8F8D-7CD426DD2962}.Release|iPhone.Build.0 = Release|iPhone
		{523413EA-E48B-4F0A-8F8D-7CD426DD2962}.Release|iPhone.Deploy.0 = Release|iPhone
		{523413EA-E48B-4F0A-8F8D-7CD426DD2962}.Release|iPhoneSimulator.ActiveCfg = Release|iPhoneSimulator
		{523413EA-E48B-4F0A-8F8D-7CD426DD2962}.Release|iPhoneSimulator.Build.0 = Release|iPhoneSimulator
		{523413EA-E48B-4F0A-8F8D-7CD426DD2962}.Release|iPhoneSimulator.Deploy.0 = Release|iPhoneSimulator
		{7C4DF2C5-CD44-4A83-ADDE-6565A473796A}.Debug|Any CPU.ActiveCfg = Debug|Any CPU
		{7C4DF2C5-CD44-4A83-ADDE-6565A473796A}.Debug|Any CPU.Build.0 = Debug|Any CPU
		{7C4DF2C5-CD44-4A83-ADDE-6565A473796A}.Debug|Any CPU.Deploy.0 = Debug|Any CPU
		{7C4DF2C5-CD44-4A83-ADDE-6565A473796A}.Debug|iPhone.ActiveCfg = Debug|Any CPU
		{7C4DF2C5-CD44-4A83-ADDE-6565A473796A}.Debug|iPhone.Build.0 = Debug|Any CPU
		{7C4DF2C5-CD44-4A83-ADDE-6565A473796A}.Debug|iPhone.Deploy.0 = Debug|Any CPU
		{7C4DF2C5-CD44-4A83-ADDE-6565A473796A}.Debug|iPhoneSimulator.ActiveCfg = Debug|Any CPU
		{7C4DF2C5-CD44-4A83-ADDE-6565A473796A}.Debug|iPhoneSimulator.Build.0 = Debug|Any CPU
		{7C4DF2C5-CD44-4A83-ADDE-6565A473796A}.Debug|iPhoneSimulator.Deploy.0 = Debug|Any CPU
		{7C4DF2C5-CD44-4A83-ADDE-6565A473796A}.Release|Any CPU.ActiveCfg = Release|Any CPU
		{7C4DF2C5-CD44-4A83-ADDE-6565A473796A}.Release|Any CPU.Build.0 = Release|Any CPU
		{7C4DF2C5-CD44-4A83-ADDE-6565A473796A}.Release|Any CPU.Deploy.0 = Release|Any CPU
		{7C4DF2C5-CD44-4A83-ADDE-6565A473796A}.Release|iPhone.ActiveCfg = Release|Any CPU
		{7C4DF2C5-CD44-4A83-ADDE-6565A473796A}.Release|iPhone.Build.0 = Release|Any CPU
		{7C4DF2C5-CD44-4A83-ADDE-6565A473796A}.Release|iPhone.Deploy.0 = Release|Any CPU
		{7C4DF2C5-CD44-4A83-ADDE-6565A473796A}.Release|iPhoneSimulator.ActiveCfg = Release|Any CPU
		{7C4DF2C5-CD44-4A83-ADDE-6565A473796A}.Release|iPhoneSimulator.Build.0 = Release|Any CPU
		{7C4DF2C5-CD44-4A83-ADDE-6565A473796A}.Release|iPhoneSimulator.Deploy.0 = Release|Any CPU
	EndGlobalSection
	GlobalSection(SolutionProperties) = preSolution
		HideSolutionNode = FALSE
	EndGlobalSection
	GlobalSection(ExtensibilityGlobals) = postSolution
		SolutionGuid = {1B8C29FF-AB71-4A1D-9762-4027C50D2D07}
	EndGlobalSection
EndGlobal
